
Microsoft Visual Studio Solution File, Format Version 12.00
# Visual Studio Version 17
VisualStudioVersion = 17.0.31903.59
MinimumVisualStudioVersion = 10.0.40219.1
Project("{FAE04EC0-301F-11D3-BF4B-00C04F79EFBC}") = "WebApplication1", "WebApplication1\WebApplication1.csproj", "{08908584-C080-42FB-AFD9-EA99C85D1CB0}"
EndProject
Global
	GlobalSection(SolutionConfigurationPlatforms) = preSolution
		Debug|Any CPU = Debug|Any CPU
		Release|Any CPU = Release|Any CPU
	EndGlobalSection
	GlobalSection(SolutionProperties) = preSolution
		HideSolutionNode = FALSE
	EndGlobalSection
	GlobalSection(ProjectConfigurationPlatforms) = postSolution
		{08908584-C080-42FB-AFD9-EA99C85D1CB0}.Debug|Any CPU.ActiveCfg = Debug|Any CPU
		{08908584-C080-42FB-AFD9-EA99C85D1CB0}.Debug|Any CPU.Build.0 = Debug|Any CPU
		{08908584-C080-42FB-AFD9-EA99C85D1CB0}.Release|Any CPU.ActiveCfg = Release|Any CPU
		{08908584-C080-42FB-AFD9-EA99C85D1CB0}.Release|Any CPU.Build.0 = Release|Any CPU
		{4F295741-5DF6-4C3D-983F-B10E1EC91D45}.Debug|Any CPU.ActiveCfg = Debug|Any CPU
		{4F295741-5DF6-4C3D-983F-B10E1EC91D45}.Debug|Any CPU.Build.0 = Debug|Any CPU
		{4F295741-5DF6-4C3D-983F-B10E1EC91D45}.Release|Any CPU.ActiveCfg = Release|Any CPU
		{4F295741-5DF6-4C3D-983F-B10E1EC91D45}.Release|Any CPU.Build.0 = Release|Any CPU
	EndGlobalSection
EndGlobal
